{
  "requires": true,
  "lockfileVersion": 1,
  "dependencies": {
    "wafer2-client-sdk": {
      "version": "1.1.1",
      "resolved": "https://registry.npmjs.org/wafer2-client-sdk/-/wafer2-client-sdk-1.1.1.tgz",
      "integrity": "sha512-52DgZn7pkrHj2m4+18tw7lhIkSWu8Anf4in/nqYNvKO6LqHRO/up8inT07GTdFrBv/o5UqFBiLccC1wUDmARag=="
    }
  }
}
